{
  "version": 4,
  "terraform_version": "0.12.28",
  "serial": 12,
  "lineage": "8e210640-4fea-69df-4e60-4257b17385b4",
  "outputs": {},
  "resources": [
    {
      "mode": "managed",
      "type": "helm_release",
      "name": "keycloak",
      "provider": "provider.helm",
      "instances": [
        {
          "schema_version": 0,
          "attributes": {
            "atomic": false,
            "chart": "keycloak",
            "cleanup_on_fail": false,
            "create_namespace": false,
            "dependency_update": false,
            "description": null,
            "devel": null,
            "disable_crd_hooks": false,
            "disable_openapi_validation": false,
            "disable_webhooks": false,
            "force_update": false,
            "id": "keycloak",
            "keyring": null,
            "lint": false,
            "max_history": 0,
            "metadata": [
              {
                "chart": "keycloak",
                "name": "keycloak",
                "namespace": "keycloak",
                "revision": 1,
                "values": "{\"keycloak\":{\"ingress\":{\"enabled\":true,\"hosts\":[\"keycloak.minikube\"]},\"password\":\"keycloak\",\"persistence\":{\"dbHost\":\"keycloak-mariadb\",\"dbName\":\"keycloak\",\"dbPassword\":\"keycloak\",\"dbPort\":3306,\"dbUser\":\"keycloak\",\"dbVendor\":\"mariadb\"},\"service\":{\"httpNodePort\":32020,\"httpsNodePort\":32021,\"type\":\"NodePort\"},\"username\":\"keycloak\"}}",
                "version": "8.3.0"
              }
            ],
            "name": "keycloak",
            "namespace": "keycloak",
            "postrender": [],
            "recreate_pods": false,
            "render_subchart_notes": true,
            "replace": false,
            "repository": "https://codecentric.github.io/helm-charts",
            "repository_ca_file": null,
            "repository_cert_file": null,
            "repository_key_file": null,
            "repository_password": null,
            "repository_username": null,
            "reset_values": false,
            "reuse_values": false,
            "set": [
              {
                "name": "keycloak.password",
                "type": "",
                "value": "keycloak"
              },
              {
                "name": "keycloak.persistence.dbHost",
                "type": "",
                "value": "keycloak-mariadb"
              },
              {
                "name": "keycloak.persistence.dbName",
                "type": "",
                "value": "keycloak"
              },
              {
                "name": "keycloak.persistence.dbPassword",
                "type": "",
                "value": "keycloak"
              },
              {
                "name": "keycloak.persistence.dbUser",
                "type": "",
                "value": "keycloak"
              },
              {
                "name": "keycloak.username",
                "type": "",
                "value": "keycloak"
              }
            ],
            "set_sensitive": [],
            "set_string": [],
            "skip_crds": false,
            "status": "deployed",
            "timeout": 300,
            "values": [
              "keycloak:\r\n  ingress:\r\n    enabled: true\r\n    hosts:\r\n      - keycloak.minikube\r\n  persistence:\r\n    dbVendor: mariadb\r\n    dbPort: 3306\r\n  service:\r\n    type: NodePort\r\n    httpNodePort: 32020\r\n    httpsNodePort: 32021"
            ],
            "verify": false,
            "version": "8.3.0",
            "wait": true
          },
          "private": "bnVsbA==",
          "dependencies": [
            "helm_release.keycloak-mariadb",
            "kubernetes_namespace.keycloak"
          ]
        }
      ]
    },
    {
      "mode": "managed",
      "type": "helm_release",
      "name": "keycloak-mariadb",
      "provider": "provider.helm",
      "instances": [
        {
          "schema_version": 0,
          "attributes": {
            "atomic": false,
            "chart": "mariadb",
            "cleanup_on_fail": false,
            "create_namespace": false,
            "dependency_update": false,
            "description": null,
            "devel": null,
            "disable_crd_hooks": false,
            "disable_openapi_validation": false,
            "disable_webhooks": false,
            "force_update": false,
            "id": "keycloak-mariadb",
            "keyring": null,
            "lint": false,
            "max_history": 0,
            "metadata": [
              {
                "chart": "mariadb",
                "name": "keycloak-mariadb",
                "namespace": "keycloak",
                "revision": 1,
                "values": "{\"db\":{\"name\":\"keycloak\",\"password\":\"keycloak\",\"user\":\"keycloak\"},\"metrics\":{\"enabled\":true}}",
                "version": "7.7.1"
              }
            ],
            "name": "keycloak-mariadb",
            "namespace": "keycloak",
            "postrender": [],
            "recreate_pods": false,
            "render_subchart_notes": true,
            "replace": false,
            "repository": "https://charts.bitnami.com/bitnami",
            "repository_ca_file": null,
            "repository_cert_file": null,
            "repository_key_file": null,
            "repository_password": null,
            "repository_username": null,
            "reset_values": false,
            "reuse_values": false,
            "set": [
              {
                "name": "db.name",
                "type": "",
                "value": "keycloak"
              },
              {
                "name": "db.password",
                "type": "",
                "value": "keycloak"
              },
              {
                "name": "db.user",
                "type": "",
                "value": "keycloak"
              }
            ],
            "set_sensitive": [],
            "set_string": [],
            "skip_crds": false,
            "status": "deployed",
            "timeout": 300,
            "values": [
              "metrics:\r\n  enabled: true"
            ],
            "verify": false,
            "version": "7.7.1",
            "wait": true
          },
          "private": "bnVsbA==",
          "dependencies": [
            "kubernetes_namespace.keycloak"
          ]
        }
      ]
    },
    {
      "mode": "managed",
      "type": "helm_release",
      "name": "neo4j-community",
      "provider": "provider.helm",
      "instances": [
        {
          "schema_version": 0,
          "attributes": {
            "atomic": false,
            "chart": "neo4j-community",
            "cleanup_on_fail": false,
            "create_namespace": false,
            "dependency_update": false,
            "description": null,
            "devel": null,
            "disable_crd_hooks": false,
            "disable_openapi_validation": false,
            "disable_webhooks": false,
            "force_update": false,
            "id": "neo4j-community",
            "keyring": null,
            "lint": false,
            "max_history": 0,
            "metadata": [
              {
                "chart": "neo4j-community",
                "name": "neo4j-community",
                "namespace": "persistence",
                "revision": 1,
                "values": "{\"acceptLicenseAgreement\":true,\"neo4jPassword\":\"pacneo4j\"}",
                "version": "1.1.1"
              }
            ],
            "name": "neo4j-community",
            "namespace": "persistence",
            "postrender": [],
            "recreate_pods": false,
            "render_subchart_notes": true,
            "replace": false,
            "repository": "https://equinor.github.io/helm-charts/charts",
            "repository_ca_file": null,
            "repository_cert_file": null,
            "repository_key_file": null,
            "repository_password": null,
            "repository_username": null,
            "reset_values": false,
            "reuse_values": false,
            "set": [
              {
                "name": "neo4jPassword",
                "type": "",
                "value": "pacneo4j"
              }
            ],
            "set_sensitive": [],
            "set_string": [],
            "skip_crds": false,
            "status": "deployed",
            "timeout": 300,
            "values": [
              "acceptLicenseAgreement: yes"
            ],
            "verify": false,
            "version": "1.1.1",
            "wait": true
          },
          "private": "bnVsbA==",
          "dependencies": [
            "kubernetes_namespace.persistence"
          ]
        }
      ]
    },
    {
      "mode": "managed",
      "type": "kubernetes_namespace",
      "name": "keycloak",
      "provider": "provider.kubernetes",
      "instances": [
        {
          "schema_version": 0,
          "attributes": {
            "id": "keycloak",
            "metadata": [
              {
                "annotations": {},
                "generate_name": "",
                "generation": 0,
                "labels": {
                  "app": "keycloak"
                },
                "name": "keycloak",
                "resource_version": "548821",
                "self_link": "/api/v1/namespaces/keycloak",
                "uid": "5674a8f2-5ab2-4fec-aa61-c7d64c6e5c96"
              }
            ],
            "timeouts": null
          },
          "private": "eyJlMmJmYjczMC1lY2FhLTExZTYtOGY4OC0zNDM2M2JjN2M0YzAiOnsiZGVsZXRlIjozMDAwMDAwMDAwMDB9fQ=="
        }
      ]
    },
    {
      "mode": "managed",
      "type": "kubernetes_namespace",
      "name": "persistence",
      "provider": "provider.kubernetes",
      "instances": [
        {
          "schema_version": 0,
          "attributes": {
            "id": "persistence",
            "metadata": [
              {
                "annotations": null,
                "generate_name": "",
                "generation": 0,
                "labels": null,
                "name": "persistence",
                "resource_version": "574691",
                "self_link": "/api/v1/namespaces/persistence",
                "uid": "087d248f-844b-4b4e-84d4-3902ad48ef2d"
              }
            ],
            "timeouts": null
          },
          "private": "eyJlMmJmYjczMC1lY2FhLTExZTYtOGY4OC0zNDM2M2JjN2M0YzAiOnsiZGVsZXRlIjozMDAwMDAwMDAwMDB9fQ=="
        }
      ]
    },
    {
      "mode": "managed",
      "type": "kubernetes_service",
      "name": "neo4j-community-neo4j-community-nodeport",
      "provider": "provider.kubernetes",
      "instances": [
        {
          "schema_version": 0,
          "attributes": {
            "id": "persistence/neo4j-community-neo4j-community-nodeport",
            "load_balancer_ingress": [],
            "metadata": [
              {
                "annotations": null,
                "generate_name": "",
                "generation": 0,
                "labels": null,
                "name": "neo4j-community-neo4j-community-nodeport",
                "namespace": "persistence",
                "resource_version": "574757",
                "self_link": "/api/v1/namespaces/persistence/services/neo4j-community-neo4j-community-nodeport",
                "uid": "aef09b8f-74c4-4bef-aa3b-9aa1fbbd0b4e"
              }
            ],
            "spec": [
              {
                "cluster_ip": "10.106.224.216",
                "external_ips": null,
                "external_name": "",
                "external_traffic_policy": "Cluster",
                "load_balancer_ip": "",
                "load_balancer_source_ranges": null,
                "port": [
                  {
                    "name": "http",
                    "node_port": 32010,
                    "port": 7474,
                    "protocol": "TCP",
                    "target_port": "7474"
                  },
                  {
                    "name": "bolt",
                    "node_port": 32011,
                    "port": 7687,
                    "protocol": "TCP",
                    "target_port": "7687"
                  }
                ],
                "publish_not_ready_addresses": false,
                "selector": {
                  "app": "neo4j-community"
                },
                "session_affinity": "None",
                "type": "NodePort"
              }
            ],
            "timeouts": null
          },
          "private": "eyJlMmJmYjczMC1lY2FhLTExZTYtOGY4OC0zNDM2M2JjN2M0YzAiOnsiY3JlYXRlIjo2MDAwMDAwMDAwMDB9fQ==",
          "dependencies": [
            "helm_release.neo4j-community",
            "kubernetes_namespace.persistence"
          ]
        }
      ]
    }
  ]
}
